
Microsoft Visual Studio Solution File, Format Version 12.00
# Visual Studio 14
VisualStudioVersion = 14.0.25420.1
MinimumVisualStudioVersion = 10.0.40219.1
Project("{FAE04EC0-301F-11D3-BF4B-00C04F79EFBC}") = "Classic.Core", "Classic.Core\Classic.Core.csproj", "{90CF4F71-F232-4B31-B280-23DFB78E9D25}"
EndProject
Project("{FAE04EC0-301F-11D3-BF4B-00C04F79EFBC}") = "Classic.IOS", "Classic.IOS\Classic.IOS.csproj", "{2418C2C4-450B-44D1-BA2D-425024C96333}"
EndProject
Project("{FAE04EC0-301F-11D3-BF4B-00C04F79EFBC}") = "Classic.Droid", "Classic.Droid\Classic.Droid.csproj", "{207DCBB2-EF71-4191-A523-4B7840AFEF8D}"
EndProject
Project("{FAE04EC0-301F-11D3-BF4B-00C04F79EFBC}") = "Classic.UWP", "Classic.UWP\Classic.UWP.csproj", "{D7C02324-2461-479C-BBF1-53436A479728}"
EndProject
Global
	GlobalSection(SolutionConfigurationPlatforms) = preSolution
		Ad-Hoc|Any CPU = Ad-Hoc|Any CPU
		Ad-Hoc|ARM = Ad-Hoc|ARM
		Ad-Hoc|iPhone = Ad-Hoc|iPhone
		Ad-Hoc|iPhoneSimulator = Ad-Hoc|iPhoneSimulator
		Ad-Hoc|x64 = Ad-Hoc|x64
		Ad-Hoc|x86 = Ad-Hoc|x86
		AppStore|Any CPU = AppStore|Any CPU
		AppStore|ARM = AppStore|ARM
		AppStore|iPhone = AppStore|iPhone
		AppStore|iPhoneSimulator = AppStore|iPhoneSimulator
		AppStore|x64 = AppStore|x64
		AppStore|x86 = AppStore|x86
		Debug|Any CPU = Debug|Any CPU
		Debug|ARM = Debug|ARM
		Debug|iPhone = Debug|iPhone
		Debug|iPhoneSimulator = Debug|iPhoneSimulator
		Debug|x64 = Debug|x64
		Debug|x86 = Debug|x86
		Release|Any CPU = Release|Any CPU
		Release|ARM = Release|ARM
		Release|iPhone = Release|iPhone
		Release|iPhoneSimulator = Release|iPhoneSimulator
		Release|x64 = Release|x64
		Release|x86 = Release|x86
	EndGlobalSection
	GlobalSection(ProjectConfigurationPlatforms) = postSolution
		{90CF4F71-F232-4B31-B280-23DFB78E9D25}.Ad-Hoc|Any CPU.ActiveCfg = Release|Any CPU
		{90CF4F71-F232-4B31-B280-23DFB78E9D25}.Ad-Hoc|Any CPU.Build.0 = Release|Any CPU
		{90CF4F71-F232-4B31-B280-23DFB78E9D25}.Ad-Hoc|ARM.ActiveCfg = Debug|Any CPU
		{90CF4F71-F232-4B31-B280-23DFB78E9D25}.Ad-Hoc|ARM.Build.0 = Debug|Any CPU
		{90CF4F71-F232-4B31-B280-23DFB78E9D25}.Ad-Hoc|iPhone.ActiveCfg = Release|Any CPU
		{90CF4F71-F232-4B31-B280-23DFB78E9D25}.Ad-Hoc|iPhone.Build.0 = Release|Any CPU
		{90CF4F71-F232-4B31-B280-23DFB78E9D25}.Ad-Hoc|iPhoneSimulator.ActiveCfg = Release|Any CPU
		{90CF4F71-F232-4B31-B280-23DFB78E9D25}.Ad-Hoc|iPhoneSimulator.Build.0 = Release|Any CPU
		{90CF4F71-F232-4B31-B280-23DFB78E9D25}.Ad-Hoc|x64.ActiveCfg = Debug|Any CPU
		{90CF4F71-F232-4B31-B280-23DFB78E9D25}.Ad-Hoc|x64.Build.0 = Debug|Any CPU
		{90CF4F71-F232-4B31-B280-23DFB78E9D25}.Ad-Hoc|x86.ActiveCfg = Debug|Any CPU
		{90CF4F71-F232-4B31-B280-23DFB78E9D25}.Ad-Hoc|x86.Build.0 = Debug|Any CPU
		{90CF4F71-F232-4B31-B280-23DFB78E9D25}.AppStore|Any CPU.ActiveCfg = Release|Any CPU
		{90CF4F71-F232-4B31-B280-23DFB78E9D25}.AppStore|Any CPU.Build.0 = Release|Any CPU
		{90CF4F71-F232-4B31-B280-23DFB78E9D25}.AppStore|ARM.ActiveCfg = Debug|Any CPU
		{90CF4F71-F232-4B31-B280-23DFB78E9D25}.AppStore|ARM.Build.0 = Debug|Any CPU
		{90CF4F71-F232-4B31-B280-23DFB78E9D25}.AppStore|iPhone.ActiveCfg = Release|Any CPU
		{90CF4F71-F232-4B31-B280-23DFB78E9D25}.AppStore|iPhone.Build.0 = Release|Any CPU
		{90CF4F71-F232-4B31-B280-23DFB78E9D25}.AppStore|iPhoneSimulator.ActiveCfg = Release|Any CPU
		{90CF4F71-F232-4B31-B280-23DFB78E9D25}.AppStore|iPhoneSimulator.Build.0 = Release|Any CPU
		{90CF4F71-F232-4B31-B280-23DFB78E9D25}.AppStore|x64.ActiveCfg = Debug|Any CPU
		{90CF4F71-F232-4B31-B280-23DFB78E9D25}.AppStore|x64.Build.0 = Debug|Any CPU
		{90CF4F71-F232-4B31-B280-23DFB78E9D25}.AppStore|x86.ActiveCfg = Debug|Any CPU
		{90CF4F71-F232-4B31-B280-23DFB78E9D25}.AppStore|x86.Build.0 = Debug|Any CPU
		{90CF4F71-F232-4B31-B280-23DFB78E9D25}.Debug|Any CPU.ActiveCfg = Debug|Any CPU
		{90CF4F71-F232-4B31-B280-23DFB78E9D25}.Debug|Any CPU.Build.0 = Debug|Any CPU
		{90CF4F71-F232-4B31-B280-23DFB78E9D25}.Debug|ARM.ActiveCfg = Debug|Any CPU
		{90CF4F71-F232-4B31-B280-23DFB78E9D25}.Debug|ARM.Build.0 = Debug|Any CPU
		{90CF4F71-F232-4B31-B280-23DFB78E9D25}.Debug|iPhone.ActiveCfg = Debug|Any CPU
		{90CF4F71-F232-4B31-B280-23DFB78E9D25}.Debug|iPhone.Build.0 = Debug|Any CPU
		{90CF4F71-F232-4B31-B280-23DFB78E9D25}.Debug|iPhoneSimulator.ActiveCfg = Debug|Any CPU
		{90CF4F71-F232-4B31-B280-23DFB78E9D25}.Debug|iPhoneSimulator.Build.0 = Debug|Any CPU
		{90CF4F71-F232-4B31-B280-23DFB78E9D25}.Debug|x64.ActiveCfg = Debug|Any CPU
		{90CF4F71-F232-4B31-B280-23DFB78E9D25}.Debug|x64.Build.0 = Debug|Any CPU
		{90CF4F71-F232-4B31-B280-23DFB78E9D25}.Debug|x86.ActiveCfg = Debug|Any CPU
		{90CF4F71-F232-4B31-B280-23DFB78E9D25}.Debug|x86.Build.0 = Debug|Any CPU
		{90CF4F71-F232-4B31-B280-23DFB78E9D25}.Release|Any CPU.ActiveCfg = Release|Any CPU
		{90CF4F71-F232-4B31-B280-23DFB78E9D25}.Release|Any CPU.Build.0 = Release|Any CPU
		{90CF4F71-F232-4B31-B280-23DFB78E9D25}.Release|ARM.ActiveCfg = Release|Any CPU
		{90CF4F71-F232-4B31-B280-23DFB78E9D25}.Release|ARM.Build.0 = Release|Any CPU
		{90CF4F71-F232-4B31-B280-23DFB78E9D25}.Release|iPhone.ActiveCfg = Release|Any CPU
		{90CF4F71-F232-4B31-B280-23DFB78E9D25}.Release|iPhone.Build.0 = Release|Any CPU
		{90CF4F71-F232-4B31-B280-23DFB78E9D25}.Release|iPhoneSimulator.ActiveCfg = Release|Any CPU
		{90CF4F71-F232-4B31-B280-23DFB78E9D25}.Release|iPhoneSimulator.Build.0 = Release|Any CPU
		{90CF4F71-F232-4B31-B280-23DFB78E9D25}.Release|x64.ActiveCfg = Release|Any CPU
		{90CF4F71-F232-4B31-B280-23DFB78E9D25}.Release|x64.Build.0 = Release|Any CPU
		{90CF4F71-F232-4B31-B280-23DFB78E9D25}.Release|x86.ActiveCfg = Release|Any CPU
		{90CF4F71-F232-4B31-B280-23DFB78E9D25}.Release|x86.Build.0 = Release|Any CPU
		{2418C2C4-450B-44D1-BA2D-425024C96333}.Ad-Hoc|Any CPU.ActiveCfg = Ad-Hoc|iPhone
		{2418C2C4-450B-44D1-BA2D-425024C96333}.Ad-Hoc|ARM.ActiveCfg = Ad-Hoc|iPhoneSimulator
		{2418C2C4-450B-44D1-BA2D-425024C96333}.Ad-Hoc|iPhone.ActiveCfg = Ad-Hoc|iPhone
		{2418C2C4-450B-44D1-BA2D-425024C96333}.Ad-Hoc|iPhone.Build.0 = Ad-Hoc|iPhone
		{2418C2C4-450B-44D1-BA2D-425024C96333}.Ad-Hoc|iPhoneSimulator.ActiveCfg = Ad-Hoc|iPhoneSimulator
		{2418C2C4-450B-44D1-BA2D-425024C96333}.Ad-Hoc|iPhoneSimulator.Build.0 = Ad-Hoc|iPhoneSimulator
		{2418C2C4-450B-44D1-BA2D-425024C96333}.Ad-Hoc|x64.ActiveCfg = Ad-Hoc|iPhoneSimulator
		{2418C2C4-450B-44D1-BA2D-425024C96333}.Ad-Hoc|x86.ActiveCfg = Ad-Hoc|iPhoneSimulator
		{2418C2C4-450B-44D1-BA2D-425024C96333}.AppStore|Any CPU.ActiveCfg = AppStore|iPhone
		{2418C2C4-450B-44D1-BA2D-425024C96333}.AppStore|ARM.ActiveCfg = AppStore|iPhoneSimulator
		{2418C2C4-450B-44D1-BA2D-425024C96333}.AppStore|iPhone.ActiveCfg = AppStore|iPhone
		{2418C2C4-450B-44D1-BA2D-425024C96333}.AppStore|iPhone.Build.0 = AppStore|iPhone
		{2418C2C4-450B-44D1-BA2D-425024C96333}.AppStore|iPhoneSimulator.ActiveCfg = AppStore|iPhoneSimulator
		{2418C2C4-450B-44D1-BA2D-425024C96333}.AppStore|iPhoneSimulator.Build.0 = AppStore|iPhoneSimulator
		{2418C2C4-450B-44D1-BA2D-425024C96333}.AppStore|x64.ActiveCfg = AppStore|iPhoneSimulator
		{2418C2C4-450B-44D1-BA2D-425024C96333}.AppStore|x86.ActiveCfg = AppStore|iPhoneSimulator
		{2418C2C4-450B-44D1-BA2D-425024C96333}.Debug|Any CPU.ActiveCfg = Debug|iPhone
		{2418C2C4-450B-44D1-BA2D-425024C96333}.Debug|ARM.ActiveCfg = Debug|iPhoneSimulator
		{2418C2C4-450B-44D1-BA2D-425024C96333}.Debug|iPhone.ActiveCfg = Debug|iPhone
		{2418C2C4-450B-44D1-BA2D-425024C96333}.Debug|iPhone.Build.0 = Debug|iPhone
		{2418C2C4-450B-44D1-BA2D-425024C96333}.Debug|iPhoneSimulator.ActiveCfg = Debug|iPhoneSimulator
		{2418C2C4-450B-44D1-BA2D-425024C96333}.Debug|iPhoneSimulator.Build.0 = Debug|iPhoneSimulator
		{2418C2C4-450B-44D1-BA2D-425024C96333}.Debug|x64.ActiveCfg = Debug|iPhoneSimulator
		{2418C2C4-450B-44D1-BA2D-425024C96333}.Debug|x86.ActiveCfg = Debug|iPhoneSimulator
		{2418C2C4-450B-44D1-BA2D-425024C96333}.Release|Any CPU.ActiveCfg = Release|iPhone
		{2418C2C4-450B-44D1-BA2D-425024C96333}.Release|ARM.ActiveCfg = Release|iPhoneSimulator
		{2418C2C4-450B-44D1-BA2D-425024C96333}.Release|iPhone.ActiveCfg = Release|iPhone
		{2418C2C4-450B-44D1-BA2D-425024C96333}.Release|iPhone.Build.0 = Release|iPhone
		{2418C2C4-450B-44D1-BA2D-425024C96333}.Release|iPhoneSimulator.ActiveCfg = Release|iPhoneSimulator
		{2418C2C4-450B-44D1-BA2D-425024C96333}.Release|iPhoneSimulator.Build.0 = Release|iPhoneSimulator
		{2418C2C4-450B-44D1-BA2D-425024C96333}.Release|x64.ActiveCfg = Release|iPhoneSimulator
		{2418C2C4-450B-44D1-BA2D-425024C96333}.Release|x86.ActiveCfg = Release|iPhoneSimulator
		{207DCBB2-EF71-4191-A523-4B7840AFEF8D}.Ad-Hoc|Any CPU.ActiveCfg = Release|Any CPU
		{207DCBB2-EF71-4191-A523-4B7840AFEF8D}.Ad-Hoc|Any CPU.Build.0 = Release|Any CPU
		{207DCBB2-EF71-4191-A523-4B7840AFEF8D}.Ad-Hoc|Any CPU.Deploy.0 = Release|Any CPU
		{207DCBB2-EF71-4191-A523-4B7840AFEF8D}.Ad-Hoc|ARM.ActiveCfg = Debug|Any CPU
		{207DCBB2-EF71-4191-A523-4B7840AFEF8D}.Ad-Hoc|ARM.Build.0 = Debug|Any CPU
		{207DCBB2-EF71-4191-A523-4B7840AFEF8D}.Ad-Hoc|ARM.Deploy.0 = Debug|Any CPU
		{207DCBB2-EF71-4191-A523-4B7840AFEF8D}.Ad-Hoc|iPhone.ActiveCfg = Release|Any CPU
		{207DCBB2-EF71-4191-A523-4B7840AFEF8D}.Ad-Hoc|iPhone.Build.0 = Release|Any CPU
		{207DCBB2-EF71-4191-A523-4B7840AFEF8D}.Ad-Hoc|iPhone.Deploy.0 = Release|Any CPU
		{207DCBB2-EF71-4191-A523-4B7840AFEF8D}.Ad-Hoc|iPhoneSimulator.ActiveCfg = Release|Any CPU
		{207DCBB2-EF71-4191-A523-4B7840AFEF8D}.Ad-Hoc|iPhoneSimulator.Build.0 = Release|Any CPU
		{207DCBB2-EF71-4191-A523-4B7840AFEF8D}.Ad-Hoc|iPhoneSimulator.Deploy.0 = Release|Any CPU
		{207DCBB2-EF71-4191-A523-4B7840AFEF8D}.Ad-Hoc|x64.ActiveCfg = Debug|Any CPU
		{207DCBB2-EF71-4191-A523-4B7840AFEF8D}.Ad-Hoc|x64.Build.0 = Debug|Any CPU
		{207DCBB2-EF71-4191-A523-4B7840AFEF8D}.Ad-Hoc|x64.Deploy.0 = Debug|Any CPU
		{207DCBB2-EF71-4191-A523-4B7840AFEF8D}.Ad-Hoc|x86.ActiveCfg = Debug|Any CPU
		{207DCBB2-EF71-4191-A523-4B7840AFEF8D}.Ad-Hoc|x86.Build.0 = Debug|Any CPU
		{207DCBB2-EF71-4191-A523-4B7840AFEF8D}.Ad-Hoc|x86.Deploy.0 = Debug|Any CPU
		{207DCBB2-EF71-4191-A523-4B7840AFEF8D}.AppStore|Any CPU.ActiveCfg = Release|Any CPU
		{207DCBB2-EF71-4191-A523-4B7840AFEF8D}.AppStore|Any CPU.Build.0 = Release|Any CPU
		{207DCBB2-EF71-4191-A523-4B7840AFEF8D}.AppStore|Any CPU.Deploy.0 = Release|Any CPU
		{207DCBB2-EF71-4191-A523-4B7840AFEF8D}.AppStore|ARM.ActiveCfg = Debug|Any CPU
		{207DCBB2-EF71-4191-A523-4B7840AFEF8D}.AppStore|ARM.Build.0 = Debug|Any CPU
		{207DCBB2-EF71-4191-A523-4B7840AFEF8D}.AppStore|ARM.Deploy.0 = Debug|Any CPU
		{207DCBB2-EF71-4191-A523-4B7840AFEF8D}.AppStore|iPhone.ActiveCfg = Release|Any CPU
		{207DCBB2-EF71-4191-A523-4B7840AFEF8D}.AppStore|iPhone.Build.0 = Release|Any CPU
		{207DCBB2-EF71-4191-A523-4B7840AFEF8D}.AppStore|iPhone.Deploy.0 = Release|Any CPU
		{207DCBB2-EF71-4191-A523-4B7840AFEF8D}.AppStore|iPhoneSimulator.ActiveCfg = Release|Any CPU
		{207DCBB2-EF71-4191-A523-4B7840AFEF8D}.AppStore|iPhoneSimulator.Build.0 = Release|Any CPU
		{207DCBB2-EF71-4191-A523-4B7840AFEF8D}.AppStore|iPhoneSimulator.Deploy.0 = Release|Any CPU
		{207DCBB2-EF71-4191-A523-4B7840AFEF8D}.AppStore|x64.ActiveCfg = Debug|Any CPU
		{207DCBB2-EF71-4191-A523-4B7840AFEF8D}.AppStore|x64.Build.0 = Debug|Any CPU
		{207DCBB2-EF71-4191-A523-4B7840AFEF8D}.AppStore|x64.Deploy.0 = Debug|Any CPU
		{207DCBB2-EF71-4191-A523-4B7840AFEF8D}.AppStore|x86.ActiveCfg = Debug|Any CPU
		{207DCBB2-EF71-4191-A523-4B7840AFEF8D}.AppStore|x86.Build.0 = Debug|Any CPU
		{207DCBB2-EF71-4191-A523-4B7840AFEF8D}.AppStore|x86.Deploy.0 = Debug|Any CPU
		{207DCBB2-EF71-4191-A523-4B7840AFEF8D}.Debug|Any CPU.ActiveCfg = Debug|Any CPU
		{207DCBB2-EF71-4191-A523-4B7840AFEF8D}.Debug|Any CPU.Build.0 = Debug|Any CPU
		{207DCBB2-EF71-4191-A523-4B7840AFEF8D}.Debug|Any CPU.Deploy.0 = Debug|Any CPU
		{207DCBB2-EF71-4191-A523-4B7840AFEF8D}.Debug|ARM.ActiveCfg = Debug|Any CPU
		{207DCBB2-EF71-4191-A523-4B7840AFEF8D}.Debug|ARM.Build.0 = Debug|Any CPU
		{207DCBB2-EF71-4191-A523-4B7840AFEF8D}.Debug|ARM.Deploy.0 = Debug|Any CPU
		{207DCBB2-EF71-4191-A523-4B7840AFEF8D}.Debug|iPhone.ActiveCfg = Debug|Any CPU
		{207DCBB2-EF71-4191-A523-4B7840AFEF8D}.Debug|iPhone.Build.0 = Debug|Any CPU
		{207DCBB2-EF71-4191-A523-4B7840AFEF8D}.Debug|iPhone.Deploy.0 = Debug|Any CPU
		{207DCBB2-EF71-4191-A523-4B7840AFEF8D}.Debug|iPhoneSimulator.ActiveCfg = Debug|Any CPU
		{207DCBB2-EF71-4191-A523-4B7840AFEF8D}.Debug|iPhoneSimulator.Build.0 = Debug|Any CPU
		{207DCBB2-EF71-4191-A523-4B7840AFEF8D}.Debug|iPhoneSimulator.Deploy.0 = Debug|Any CPU
		{207DCBB2-EF71-4191-A523-4B7840AFEF8D}.Debug|x64.ActiveCfg = Debug|Any CPU
		{207DCBB2-EF71-4191-A523-4B7840AFEF8D}.Debug|x64.Build.0 = Debug|Any CPU
		{207DCBB2-EF71-4191-A523-4B7840AFEF8D}.Debug|x64.Deploy.0 = Debug|Any CPU
		{207DCBB2-EF71-4191-A523-4B7840AFEF8D}.Debug|x86.ActiveCfg = Debug|Any CPU
		{207DCBB2-EF71-4191-A523-4B7840AFEF8D}.Debug|x86.Build.0 = Debug|Any CPU
		{207DCBB2-EF71-4191-A523-4B7840AFEF8D}.Debug|x86.Deploy.0 = Debug|Any CPU
		{207DCBB2-EF71-4191-A523-4B7840AFEF8D}.Release|Any CPU.ActiveCfg = Release|Any CPU
		{207DCBB2-EF71-4191-A523-4B7840AFEF8D}.Release|Any CPU.Build.0 = Release|Any CPU
		{207DCBB2-EF71-4191-A523-4B7840AFEF8D}.Release|Any CPU.Deploy.0 = Release|Any CPU
		{207DCBB2-EF71-4191-A523-4B7840AFEF8D}.Release|ARM.ActiveCfg = Release|Any CPU
		{207DCBB2-EF71-4191-A523-4B7840AFEF8D}.Release|ARM.Build.0 = Release|Any CPU
		{207DCBB2-EF71-4191-A523-4B7840AFEF8D}.Release|ARM.Deploy.0 = Release|Any CPU
		{207DCBB2-EF71-4191-A523-4B7840AFEF8D}.Release|iPhone.ActiveCfg = Release|Any CPU
		{207DCBB2-EF71-4191-A523-4B7840AFEF8D}.Release|iPhone.Build.0 = Release|Any CPU
		{207DCBB2-EF71-4191-A523-4B7840AFEF8D}.Release|iPhone.Deploy.0 = Release|Any CPU
		{207DCBB2-EF71-4191-A523-4B7840AFEF8D}.Release|iPhoneSimulator.ActiveCfg = Release|Any CPU
		{207DCBB2-EF71-4191-A523-4B7840AFEF8D}.Release|iPhoneSimulator.Build.0 = Release|Any CPU
		{207DCBB2-EF71-4191-A523-4B7840AFEF8D}.Release|iPhoneSimulator.Deploy.0 = Release|Any CPU
		{207DCBB2-EF71-4191-A523-4B7840AFEF8D}.Release|x64.ActiveCfg = Release|Any CPU
		{207DCBB2-EF71-4191-A523-4B7840AFEF8D}.Release|x64.Build.0 = Release|Any CPU
		{207DCBB2-EF71-4191-A523-4B7840AFEF8D}.Release|x64.Deploy.0 = Release|Any CPU
		{207DCBB2-EF71-4191-A523-4B7840AFEF8D}.Release|x86.ActiveCfg = Release|Any CPU
		{207DCBB2-EF71-4191-A523-4B7840AFEF8D}.Release|x86.Build.0 = Release|Any CPU
		{207DCBB2-EF71-4191-A523-4B7840AFEF8D}.Release|x86.Deploy.0 = Release|Any CPU
		{D7C02324-2461-479C-BBF1-53436A479728}.Ad-Hoc|Any CPU.ActiveCfg = Release|x64
		{D7C02324-2461-479C-BBF1-53436A479728}.Ad-Hoc|Any CPU.Build.0 = Release|x64
		{D7C02324-2461-479C-BBF1-53436A479728}.Ad-Hoc|Any CPU.Deploy.0 = Release|x64
		{D7C02324-2461-479C-BBF1-53436A479728}.Ad-Hoc|ARM.ActiveCfg = Release|ARM
		{D7C02324-2461-479C-BBF1-53436A479728}.Ad-Hoc|ARM.Build.0 = Release|ARM
		{D7C02324-2461-479C-BBF1-53436A479728}.Ad-Hoc|ARM.Deploy.0 = Release|ARM
		{D7C02324-2461-479C-BBF1-53436A479728}.Ad-Hoc|iPhone.ActiveCfg = Release|x64
		{D7C02324-2461-479C-BBF1-53436A479728}.Ad-Hoc|iPhone.Build.0 = Release|x64
		{D7C02324-2461-479C-BBF1-53436A479728}.Ad-Hoc|iPhone.Deploy.0 = Release|x64
		{D7C02324-2461-479C-BBF1-53436A479728}.Ad-Hoc|iPhoneSimulator.ActiveCfg = Release|x64
		{D7C02324-2461-479C-BBF1-53436A479728}.Ad-Hoc|iPhoneSimulator.Build.0 = Release|x64
		{D7C02324-2461-479C-BBF1-53436A479728}.Ad-Hoc|iPhoneSimulator.Deploy.0 = Release|x64
		{D7C02324-2461-479C-BBF1-53436A479728}.Ad-Hoc|x64.ActiveCfg = Release|x64
		{D7C02324-2461-479C-BBF1-53436A479728}.Ad-Hoc|x64.Build.0 = Release|x64
		{D7C02324-2461-479C-BBF1-53436A479728}.Ad-Hoc|x64.Deploy.0 = Release|x64
		{D7C02324-2461-479C-BBF1-53436A479728}.Ad-Hoc|x86.ActiveCfg = Release|x86
		{D7C02324-2461-479C-BBF1-53436A479728}.Ad-Hoc|x86.Build.0 = Release|x86
		{D7C02324-2461-479C-BBF1-53436A479728}.Ad-Hoc|x86.Deploy.0 = Release|x86
		{D7C02324-2461-479C-BBF1-53436A479728}.AppStore|Any CPU.ActiveCfg = Release|x64
		{D7C02324-2461-479C-BBF1-53436A479728}.AppStore|Any CPU.Build.0 = Release|x64
		{D7C02324-2461-479C-BBF1-53436A479728}.AppStore|Any CPU.Deploy.0 = Release|x64
		{D7C02324-2461-479C-BBF1-53436A479728}.AppStore|ARM.ActiveCfg = Release|ARM
		{D7C02324-2461-479C-BBF1-53436A479728}.AppStore|ARM.Build.0 = Release|ARM
		{D7C02324-2461-479C-BBF1-53436A479728}.AppStore|ARM.Deploy.0 = Release|ARM
		{D7C02324-2461-479C-BBF1-53436A479728}.AppStore|iPhone.ActiveCfg = Release|x64
		{D7C02324-2461-479C-BBF1-53436A479728}.AppStore|iPhone.Build.0 = Release|x64
		{D7C02324-2461-479C-BBF1-53436A479728}.AppStore|iPhone.Deploy.0 = Release|x64
		{D7C02324-2461-479C-BBF1-53436A479728}.AppStore|iPhoneSimulator.ActiveCfg = Release|x64
		{D7C02324-2461-479C-BBF1-53436A479728}.AppStore|iPhoneSimulator.Build.0 = Release|x64
		{D7C02324-2461-479C-BBF1-53436A479728}.AppStore|iPhoneSimulator.Deploy.0 = Release|x64
		{D7C02324-2461-479C-BBF1-53436A479728}.AppStore|x64.ActiveCfg = Release|x64
		{D7C02324-2461-479C-BBF1-53436A479728}.AppStore|x64.Build.0 = Release|x64
		{D7C02324-2461-479C-BBF1-53436A479728}.AppStore|x64.Deploy.0 = Release|x64
		{D7C02324-2461-479C-BBF1-53436A479728}.AppStore|x86.ActiveCfg = Release|x86
		{D7C02324-2461-479C-BBF1-53436A479728}.AppStore|x86.Build.0 = Release|x86
		{D7C02324-2461-479C-BBF1-53436A479728}.AppStore|x86.Deploy.0 = Release|x86
		{D7C02324-2461-479C-BBF1-53436A479728}.Debug|Any CPU.ActiveCfg = Debug|x86
		{D7C02324-2461-479C-BBF1-53436A479728}.Debug|ARM.ActiveCfg = Debug|ARM
		{D7C02324-2461-479C-BBF1-53436A479728}.Debug|ARM.Build.0 = Debug|ARM
		{D7C02324-2461-479C-BBF1-53436A479728}.Debug|ARM.Deploy.0 = Debug|ARM
		{D7C02324-2461-479C-BBF1-53436A479728}.Debug|iPhone.ActiveCfg = Debug|x86
		{D7C02324-2461-479C-BBF1-53436A479728}.Debug|iPhoneSimulator.ActiveCfg = Debug|x86
		{D7C02324-2461-479C-BBF1-53436A479728}.Debug|x64.ActiveCfg = Debug|x64
		{D7C02324-2461-479C-BBF1-53436A479728}.Debug|x64.Build.0 = Debug|x64
		{D7C02324-2461-479C-BBF1-53436A479728}.Debug|x64.Deploy.0 = Debug|x64
		{D7C02324-2461-479C-BBF1-53436A479728}.Debug|x86.ActiveCfg = Debug|x86
		{D7C02324-2461-479C-BBF1-53436A479728}.Debug|x86.Build.0 = Debug|x86
		{D7C02324-2461-479C-BBF1-53436A479728}.Debug|x86.Deploy.0 = Debug|x86
		{D7C02324-2461-479C-BBF1-53436A479728}.Release|Any CPU.ActiveCfg = Release|x86
		{D7C02324-2461-479C-BBF1-53436A479728}.Release|ARM.ActiveCfg = Release|ARM
		{D7C02324-2461-479C-BBF1-53436A479728}.Release|ARM.Build.0 = Release|ARM
		{D7C02324-2461-479C-BBF1-53436A479728}.Release|ARM.Deploy.0 = Release|ARM
		{D7C02324-2461-479C-BBF1-53436A479728}.Release|iPhone.ActiveCfg = Release|x86
		{D7C02324-2461-479C-BBF1-53436A479728}.Release|iPhoneSimulator.ActiveCfg = Release|x86
		{D7C02324-2461-479C-BBF1-53436A479728}.Release|x64.ActiveCfg = Release|x64
		{D7C02324-2461-479C-BBF1-53436A479728}.Release|x64.Build.0 = Release|x64
		{D7C02324-2461-479C-BBF1-53436A479728}.Release|x64.Deploy.0 = Release|x64
		{D7C02324-2461-479C-BBF1-53436A479728}.Release|x86.ActiveCfg = Release|x86
		{D7C02324-2461-479C-BBF1-53436A479728}.Release|x86.Build.0 = Release|x86
		{D7C02324-2461-479C-BBF1-53436A479728}.Release|x86.Deploy.0 = Release|x86
	EndGlobalSection
	GlobalSection(SolutionProperties) = preSolution
		HideSolutionNode = FALSE
	EndGlobalSection
EndGlobal
